{
  "name": "Bolt",
  "lockfileVersion": 3,
  "requires": true,
  "packages": {
    "": {
      "dependencies": {
        "webassembly-generator": "^1.2.0"
      },
      "devDependencies": {
        "@types/node": "^20.2.1"
      }
    },
    "node_modules/@types/node": {
      "version": "20.3.1",
      "resolved": "https://registry.npmjs.org/@types/node/-/node-20.3.1.tgz",
      "integrity": "sha512-EhcH/wvidPy1WeML3TtYFGR83UzjxeWRen9V402T8aUGYsCHOmfoisV3ZSg03gAFIbLq8TnWOJ0f4cALtnSEUg==",
      "dev": true
    },
    "node_modules/webassembly-generator": {
      "version": "1.2.1",
      "resolved": "https://registry.npmjs.org/webassembly-generator/-/webassembly-generator-1.2.1.tgz",
      "integrity": "sha512-znAZi9WiS0N62GWBIU1xZy6pCeG5fbeXvj8taplQp4xbSwRNoEeKHm5RTPu1AAdfuOPd2rWEkCjpQ4aG2ous/A=="
    }
  }
}
